
Microsoft Visual Studio Solution File, Format Version 12.00
# Visual Studio Version 16
VisualStudioVersion = 16.0.29806.167
MinimumVisualStudioVersion = 10.0.40219.1
Project("{FAE04EC0-301F-11D3-BF4B-00C04F79EFBC}") = "CShard_3cs2_Lad_P2_Salary", "CShard_3cs2_Lad_P2_Salary\CShard_3cs2_Lad_P2_Salary.csproj", "{5CB669E9-3E6B-48FA-AFBC-F8D65EC3E0E0}"
EndProject
Global
	GlobalSection(SolutionConfigurationPlatforms) = preSolution
		Debug|Any CPU = Debug|Any CPU
		Release|Any CPU = Release|Any CPU
	EndGlobalSection
	GlobalSection(ProjectConfigurationPlatforms) = postSolution
		{5CB669E9-3E6B-48FA-AFBC-F8D65EC3E0E0}.Debug|Any CPU.ActiveCfg = Debug|Any CPU
		{5CB669E9-3E6B-48FA-AFBC-F8D65EC3E0E0}.Debug|Any CPU.Build.0 = Debug|Any CPU
		{5CB669E9-3E6B-48FA-AFBC-F8D65EC3E0E0}.Release|Any CPU.ActiveCfg = Release|Any CPU
		{5CB669E9-3E6B-48FA-AFBC-F8D65EC3E0E0}.Release|Any CPU.Build.0 = Release|Any CPU
	EndGlobalSection
	GlobalSection(SolutionProperties) = preSolution
		HideSolutionNode = FALSE
	EndGlobalSection
	GlobalSection(ExtensibilityGlobals) = postSolution
		SolutionGuid = {D764A62E-19BC-472A-8B76-BAD452BCA5FF}
	EndGlobalSection
EndGlobal
